{
  "version": "5",
  "specifiers": {
    "jsr:@std/assert@*": "0.224.0",
    "jsr:@std/assert@0.224": "0.224.0",
    "jsr:@std/assert@0.224.0": "0.224.0",
    "jsr:@std/async@*": "0.224.0",
    "jsr:@std/async@0.224.0": "0.224.0",
    "jsr:@std/collections@0.224": "0.224.2",
    "jsr:@std/crypto@0.224.0": "0.224.0",
    "jsr:@std/encoding@*": "0.224.0",
    "jsr:@std/encoding@0.224": "0.224.0",
    "jsr:@std/encoding@0.224.0": "0.224.0",
    "jsr:@std/fmt@0.224": "0.224.0",
    "jsr:@std/internal@0.224": "0.224.0",
    "jsr:@std/path@0.224.0": "0.224.0",
    "jsr:@std/toml@0.224.0": "0.224.0",
    "jsr:@std/yaml@0.224.0": "0.224.0",
    "npm:ioredis@5.4.1": "5.4.1",
    "npm:postgres@3.4.4": "3.4.4"
  },
  "jsr": {
    "@std/assert@0.224.0": {
      "integrity": "8643233ec7aec38a940a8264a6e3eed9bfa44e7a71cc6b3c8874213ff401967f",
      "dependencies": [
        "jsr:@std/fmt",
        "jsr:@std/internal"
      ]
    },
    "@std/async@0.224.0": {
      "integrity": "b6da423eeafbd0003fe88d950e069368c6a156f8b5293b7adbd9c8903a8f8d66",
      "dependencies": [
        "jsr:@std/assert@0.224"
      ]
    },
    "@std/collections@0.224.2": {
      "integrity": "e77819455294e92d4e7ddad1dbfd46f94174c09318e541e6621fac4a4d0ab326"
    },
    "@std/crypto@0.224.0": {
      "integrity": "154ef3ff08ef535562ef1a718718c5b2c5fc3808f0f9100daad69e829bfcdf2d",
      "dependencies": [
        "jsr:@std/assert@0.224",
        "jsr:@std/encoding@0.224"
      ]
    },
    "@std/encoding@0.224.0": {
      "integrity": "efb6dca97d3e9c31392bd5c8cfd9f9fc9decf5a1f4d1f78af7900a493bcf89b5"
    },
    "@std/fmt@0.224.0": {
      "integrity": "e20e9a2312a8b5393272c26191c0a68eda8d2c4b08b046bad1673148f1d69851"
    },
    "@std/internal@0.224.0": {
      "integrity": "afc50644f9cdf4495eeb80523a8f6d27226b4b36c45c7c195dfccad4b8509291",
      "dependencies": [
        "jsr:@std/fmt"
      ]
    },
    "@std/path@0.224.0": {
      "integrity": "55bca6361e5a6d158b9380e82d4981d82d338ec587de02951e2b7c3a24910ee6",
      "dependencies": [
        "jsr:@std/assert@0.224"
      ]
    },
    "@std/toml@0.224.0": {
      "integrity": "15a60eb5eac12d8a81a48d99cb1aaed60a21c67dc94c2def696a7c39b815c74f",
      "dependencies": [
        "jsr:@std/collections"
      ]
    },
    "@std/yaml@0.224.0": {
      "integrity": "9bd99c6beb4d2db98de81c50853f15e68d4c95f38d737934b0e909bbeeff2b6d"
    }
  },
  "npm": {
    "@ioredis/commands@1.11.0": {
      "integrity": "sha512-tuMmOu6dtyGFv/fzCjtapCJj/zgoHaFsqs3wKsroJSRXtlLmyL/t+B7uaQiavGk1F3WWFQcUqZwk92bpp9jKcA=="
    },
    "cluster-key-slot@1.1.2": {
      "integrity": "sha512-RMr0FhtfXemyinomL4hrWcYJxmX6deFdCxpJzhDttxgO1+bcCnkk+9drydLVDmAMG7NE6aN/fl4F7ucU/90gAA=="
    },
    "debug@4.4.3": {
      "integrity": "sha512-RGwwWnwQvkVfavKVt22FGLw+xYSdzARwm0ru6DhTVA3umU5hZc28V3kO4stgYryrTlLpuvgI9GiijltAjNbcqA==",
      "dependencies": [
        "ms"
      ]
    },
    "denque@2.1.0": {
      "integrity": "sha512-HVQE3AAb/pxF8fQAoiqpvg9i3evqug3hoiwakOyZAwJm+6vZehbkYXZ0l4JxS+I3QxM97v5aaRNhj8v5oBhekw=="
    },
    "ioredis@5.4.1": {
      "integrity": "sha512-2YZsvl7jopIa1gaePkeMtd9rAcSjOOjPtpcLlOeusyO+XH2SK5ZcT+UCrElPP+WVIInh2TzeI4XW9ENaSLVVHA==",
      "dependencies": [
        "@ioredis/commands",
        "cluster-key-slot",
        "debug",
        "denque",
        "lodash.defaults",
        "lodash.isarguments",
        "redis-errors",
        "redis-parser",
        "standard-as-callback"
      ]
    },
    "lodash.defaults@4.2.0": {
      "integrity": "sha512-qjxPLHd3r5DnsdGacqOMU6pb/avJzdh9tFX2ymgoZE27BmjXrNy/y4LoaiTeAb+O3gL8AfpJGtqfX/ae2leYYQ=="
    },
    "lodash.isarguments@3.1.0": {
      "integrity": "sha512-chi4NHZlZqZD18a0imDHnZPrDeBbTtVN7GXMwuGdRH9qotxAjYs3aVLKc7zNOG9eddR5Ksd8rvFEBc9SsggPpg=="
    },
    "ms@2.1.3": {
      "integrity": "sha512-6FlzubTLZG3J2a/NVCAleEhjzq5oxgHyaCU9yYXvcLsvoVaHJq/s5xXI6/XXP6tz7R9xAOtHnSO/tXtF3WRTlA=="
    },
    "postgres@3.4.4": {
      "integrity": "sha512-IbyN+9KslkqcXa8AO9fxpk97PA4pzewvpi2B3Dwy9u4zpV32QicaEdgmF3eSQUzdRk7ttDHQejNgAEr4XoeH4A=="
    },
    "redis-errors@1.2.0": {
      "integrity": "sha512-1qny3OExCf0UvUV/5wpYKf2YwPcOqXzkwKKSmKHiE6ZMQs5heeE/c8eXK+PNllPvmjgAbfnsbpkGZWy8cBpn9w=="
    },
    "redis-parser@3.0.0": {
      "integrity": "sha512-DJnGAeenTdpMEH6uAJRK/uiyEIH9WVsUmoLwzudwGJUwZPp80PDBWPHXSAGNPwNvIXAbe7MSUB1zQFugFml66A==",
      "dependencies": [
        "redis-errors"
      ]
    },
    "standard-as-callback@2.1.0": {
      "integrity": "sha512-qoRRSyROncaz1z0mvYqIE4lCd9p2R90i6GxW3uZv5ucSu8tU7B5HXUP1gG8pVZsYNVaXjk8ClXHPttLyxAL48A=="
    }
  },
  "remote": {
    "https://deno.land/std@0.224.0/assert/_constants.ts": "a271e8ef5a573f1df8e822a6eb9d09df064ad66a4390f21b3e31f820a38e0975",
    "https://deno.land/std@0.224.0/assert/assert.ts": "09d30564c09de846855b7b071e62b5974b001bb72a4b797958fe0660e7849834",
    "https://deno.land/std@0.224.0/assert/assert_almost_equals.ts": "9e416114322012c9a21fa68e187637ce2d7df25bcbdbfd957cd639e65d3cf293",
    "https://deno.land/std@0.224.0/assert/assert_array_includes.ts": "14c5094471bc8e4a7895fc6aa5a184300d8a1879606574cb1cd715ef36a4a3c7",
    "https://deno.land/std@0.224.0/assert/assert_equals.ts": "3bbca947d85b9d374a108687b1a8ba3785a7850436b5a8930d81f34a32cb8c74",
    "https://deno.land/std@0.224.0/assert/assert_exists.ts": "43420cf7f956748ae6ed1230646567b3593cb7a36c5a5327269279c870c5ddfd",
    "https://deno.land/std@0.224.0/assert/assert_false.ts": "3e9be8e33275db00d952e9acb0cd29481a44fa0a4af6d37239ff58d79e8edeff",
    "https://deno.land/std@0.224.0/assert/assert_greater.ts": "5e57b201fd51b64ced36c828e3dfd773412c1a6120c1a5a99066c9b261974e46",
    "https://deno.land/std@0.224.0/assert/assert_greater_or_equal.ts": "9870030f997a08361b6f63400273c2fb1856f5db86c0c3852aab2a002e425c5b",
    "https://deno.land/std@0.224.0/assert/assert_instance_of.ts": "e22343c1fdcacfaea8f37784ad782683ec1cf599ae9b1b618954e9c22f376f2c",
    "https://deno.land/std@0.224.0/assert/assert_is_error.ts": "f856b3bc978a7aa6a601f3fec6603491ab6255118afa6baa84b04426dd3cc491",
    "https://deno.land/std@0.224.0/assert/assert_less.ts": "60b61e13a1982865a72726a5fa86c24fad7eb27c3c08b13883fb68882b307f68",
    "https://deno.land/std@0.224.0/assert/assert_less_or_equal.ts": "d2c84e17faba4afe085e6c9123a63395accf4f9e00150db899c46e67420e0ec3",
    "https://deno.land/std@0.224.0/assert/assert_match.ts": "ace1710dd3b2811c391946954234b5da910c5665aed817943d086d4d4871a8b7",
    "https://deno.land/std@0.224.0/assert/assert_not_equals.ts": "78d45dd46133d76ce624b2c6c09392f6110f0df9b73f911d20208a68dee2ef29",
    "https://deno.land/std@0.224.0/assert/assert_not_instance_of.ts": "3434a669b4d20cdcc5359779301a0588f941ffdc2ad68803c31eabdb4890cf7a",
    "https://deno.land/std@0.224.0/assert/assert_not_match.ts": "df30417240aa2d35b1ea44df7e541991348a063d9ee823430e0b58079a72242a",
    "https://deno.land/std@0.224.0/assert/assert_not_strict_equals.ts": "37f73880bd672709373d6dc2c5f148691119bed161f3020fff3548a0496f71b8",
    "https://deno.land/std@0.224.0/assert/assert_object_match.ts": "411450fd194fdaabc0089ae68f916b545a49d7b7e6d0026e84a54c9e7eed2693",
    "https://deno.land/std@0.224.0/assert/assert_rejects.ts": "4bee1d6d565a5b623146a14668da8f9eb1f026a4f338bbf92b37e43e0aa53c31",
    "https://deno.land/std@0.224.0/assert/assert_strict_equals.ts": "b4f45f0fd2e54d9029171876bd0b42dd9ed0efd8f853ab92a3f50127acfa54f5",
    "https://deno.land/std@0.224.0/assert/assert_string_includes.ts": "496b9ecad84deab72c8718735373feb6cdaa071eb91a98206f6f3cb4285e71b8",
    "https://deno.land/std@0.224.0/assert/assert_throws.ts": "c6508b2879d465898dab2798009299867e67c570d7d34c90a2d235e4553906eb",
    "https://deno.land/std@0.224.0/assert/assertion_error.ts": "ba8752bd27ebc51f723702fac2f54d3e94447598f54264a6653d6413738a8917",
    "https://deno.land/std@0.224.0/assert/equal.ts": "bddf07bb5fc718e10bb72d5dc2c36c1ce5a8bdd3b647069b6319e07af181ac47",
    "https://deno.land/std@0.224.0/assert/fail.ts": "0eba674ffb47dff083f02ced76d5130460bff1a9a68c6514ebe0cdea4abadb68",
    "https://deno.land/std@0.224.0/assert/mod.ts": "48b8cb8a619ea0b7958ad7ee9376500fe902284bb36f0e32c598c3dc34cbd6f3",
    "https://deno.land/std@0.224.0/assert/unimplemented.ts": "8c55a5793e9147b4f1ef68cd66496b7d5ba7a9e7ca30c6da070c1a58da723d73",
    "https://deno.land/std@0.224.0/assert/unreachable.ts": "5ae3dbf63ef988615b93eb08d395dda771c96546565f9e521ed86f6510c29e19",
    "https://deno.land/std@0.224.0/fmt/colors.ts": "508563c0659dd7198ba4bbf87e97f654af3c34eb56ba790260f252ad8012e1c5",
    "https://deno.land/std@0.224.0/internal/diff.ts": "6234a4b493ebe65dc67a18a0eb97ef683626a1166a1906232ce186ae9f65f4e6",
    "https://deno.land/std@0.224.0/internal/format.ts": "0a98ee226fd3d43450245b1844b47003419d34d210fa989900861c79820d21c2",
    "https://deno.land/std@0.224.0/internal/mod.ts": "534125398c8e7426183e12dc255bb635d94e06d0f93c60a297723abe69d3b22e",
    "https://raw.githubusercontent.com/MoustafaAt1a/railfog/main/apps/api/control-server.ts": "cd5f26da9073d72c6589a3b0a4c273f8ad67d6f8ec667ee1b9d8fb3e9950f4c6",
    "https://raw.githubusercontent.com/MoustafaAt1a/railfog/main/apps/api/deployment-service.ts": "f62b3a916aa5ed38fdc096842a8e75eb1893d1d0c61deb002e71f405bed7761f",
    "https://raw.githubusercontent.com/MoustafaAt1a/railfog/main/apps/api/health-checker.ts": "953f3b4f6d41290120d04e2af6683d2e24f07c8982d012005fa28dfc55b22697",
    "https://raw.githubusercontent.com/MoustafaAt1a/railfog/main/apps/api/login-page.ts": "f7c59b98efc6107b46719c22cb35f842ec91e7705bd51767bf39b41c1443d884",
    "https://raw.githubusercontent.com/MoustafaAt1a/railfog/main/apps/api/state-backup-service.ts": "a96b7f9104c386b125635061c91070e4a63a17ffad87862b9c733964a5c9d24e",
    "https://raw.githubusercontent.com/MoustafaAt1a/railfog/main/apps/runtime/runtime-server.ts": "c99af0c0fe735105f27ffe108e736c10d66be7b02ce24b4f4e7632baf9a9e955",
    "https://raw.githubusercontent.com/MoustafaAt1a/railfog/main/cli/add.ts": "bba15ad410fd9b99c431dba79f6529a11f65b24f37238f9bf813e7209ed508c4",
    "https://raw.githubusercontent.com/MoustafaAt1a/railfog/main/cli/auth-config.ts": "6fe8507692c6b393e88dc50d8f00dcceda675b1261469b88ae9f5ec1373abbcd",
    "https://raw.githubusercontent.com/MoustafaAt1a/railfog/main/cli/callback-server.ts": "7ccfba45e900a80971f1688ddf85613ec9a0aaed4b4fa6565a655e7dbf39a417",
    "https://raw.githubusercontent.com/MoustafaAt1a/railfog/main/cli/check.ts": "8766da32f70823e7bfbee081edbc8613c0dff8cb4123e66445084ca6be65486d",
    "https://raw.githubusercontent.com/MoustafaAt1a/railfog/main/cli/deploy.ts": "585d41cc2d62bb7777fa0a23798195c43fcbf48ce2f88b96179b38eb12fa0b90",
    "https://raw.githubusercontent.com/MoustafaAt1a/railfog/main/cli/init.ts": "109353cb2fe82650ecf00af61c03a892d2fe0fd0ab19240eae1e4190e48c7313",
    "https://raw.githubusercontent.com/MoustafaAt1a/railfog/main/cli/login.ts": "2948dc6efdd0228a0631a3ea336a7c2741ce860d56bec1297b6f3d31dac3852d",
    "https://raw.githubusercontent.com/MoustafaAt1a/railfog/main/cli/logs.ts": "42b991f8b16b07c4b955999bb83bc896c827a9f2ffc85b8a95c5dcf0ac2599e4",
    "https://raw.githubusercontent.com/MoustafaAt1a/railfog/main/cli/main.ts": "2b7714c86c882e6e31af36462df64e02e0a3bef20e01fe5501e2fdb7cb8a4645",
    "https://raw.githubusercontent.com/MoustafaAt1a/railfog/main/cli/prompt.ts": "ba81fc08b8b010a1c5f38a2e56ce8ca2dcf096fff0768ddbc69af463427fbe9c",
    "https://raw.githubusercontent.com/MoustafaAt1a/railfog/main/cli/rollback.ts": "2aab613e61588bd642029e53b99ca636e2fd6ef2f6bc987a14c29376c95e6f36",
    "https://raw.githubusercontent.com/MoustafaAt1a/railfog/main/cli/secrets.ts": "e751133b13e2d556417d696b0dd6560cfb6e9b52514ecbf8a182b4f80f004e3e",
    "https://raw.githubusercontent.com/MoustafaAt1a/railfog/main/cli/spinner.ts": "f90c93c795da725a90488eb1ed749a6f294b5bcdba100159fd44e9115ce59354",
    "https://raw.githubusercontent.com/MoustafaAt1a/railfog/main/cli/state.ts": "c309847d6c6ac604c5798f80aa66a91655796cd003179a962f5c1dcbb63234b9",
    "https://raw.githubusercontent.com/MoustafaAt1a/railfog/main/cli/upgrade.ts": "c2e307b65fb8a2728eec1abe937c98941a54f7aa32b2f9f8485c8869ff52931c",
    "https://raw.githubusercontent.com/MoustafaAt1a/railfog/main/cli/usage.ts": "e0e5b0e1dccdba0b79b2a114fdbc97554fdff5f61d4d1f6fd0b6b2d7748e29cf",
    "https://raw.githubusercontent.com/MoustafaAt1a/railfog/main/cli/version.ts": "11b532ff86dd105197e9a5834f57abe87065e00024a08e350bdd969d96a060c7",
    "https://raw.githubusercontent.com/MoustafaAt1a/railfog/main/packages/auth/middleware.ts": "f1e8c72c94ef48bfb459a5fa97ca4982e1190861eeb2e959b2712fe3fc71ddf3",
    "https://raw.githubusercontent.com/MoustafaAt1a/railfog/main/packages/auth/store.ts": "9f7f0503dc2d9cb118f33c7dce757ac6626ebc5190a82e89044345cd2d163c81",
    "https://raw.githubusercontent.com/MoustafaAt1a/railfog/main/packages/auth/token.ts": "57efa305002908a56148c6bba65ea934db9eb4b33bff183bfa13a16f134abe84",
    "https://raw.githubusercontent.com/MoustafaAt1a/railfog/main/packages/auth/verifier.ts": "d3a2bf1d8ade796a360b4797bbf9531e237fa39ff253764428ed829c6b8bbe3e",
    "https://raw.githubusercontent.com/MoustafaAt1a/railfog/main/packages/core/artifact/packager.ts": "90f2e783040c1ea119567a998317debb310226cec061435c16bfb7ecc21f1ac1",
    "https://raw.githubusercontent.com/MoustafaAt1a/railfog/main/packages/core/backup/archive-schema.ts": "4f781cf94aa3bc6328ebae891d8ddd08e7625c3463ad759dba4c4c447aeab341",
    "https://raw.githubusercontent.com/MoustafaAt1a/railfog/main/packages/core/crypto/content-address.ts": "98cb684f53fbc4ac749cbf3153708a3500cfbc93d984b4ea869030297b360eb8",
    "https://raw.githubusercontent.com/MoustafaAt1a/railfog/main/packages/core/diagnostics/deploy-analyzer.ts": "619a15880d11326f577a26efc115bed607ead8a49bf3632c1d2d7747e8eda24a",
    "https://raw.githubusercontent.com/MoustafaAt1a/railfog/main/packages/core/id/ulid.ts": "be2b043af318e39d644122958cdf2a495e11355aafae2c7b64b096c88f312dda",
    "https://raw.githubusercontent.com/MoustafaAt1a/railfog/main/packages/errors/mod.ts": "042c68e8afe934e51f29b7827e90ce7a642f49e0a357a8e9f4dd891a0bfbe785",
    "https://raw.githubusercontent.com/MoustafaAt1a/railfog/main/packages/logging/secret-redactor.ts": "87fe1e4839abc53e2e9d159245ad9730412767cf6c5f0b7958d958b37d927061",
    "https://raw.githubusercontent.com/MoustafaAt1a/railfog/main/packages/metrics/cost-calculator.ts": "83ec7d5aee5a2e7e6d3e0baddb33ad5453bf1dd9a38a2124fa9319809eea2310",
    "https://raw.githubusercontent.com/MoustafaAt1a/railfog/main/packages/policy/permission-resolver.ts": "29792900eb61e8ec9909edb6826ecf3345a615fccdc94ba8a41c0bcacab15d01",
    "https://raw.githubusercontent.com/MoustafaAt1a/railfog/main/packages/policy/secret-store.ts": "9304a7acd60dca31e4f78d6dde7c4b19bdac3ef4ee03e1a1dff19fef2d15aef0",
    "https://raw.githubusercontent.com/MoustafaAt1a/railfog/main/packages/protocol/snapshot.ts": "cb1c497c44f0887c657c84b0c722bd352e8ee899a89ed1330b593435ebdd9132",
    "https://raw.githubusercontent.com/MoustafaAt1a/railfog/main/primitives/compute/compute-provider.ts": "c6229828069a32112b7e2ead985b64c83a020a0ea1d61427f04c0d970d3c6c5b",
    "https://raw.githubusercontent.com/MoustafaAt1a/railfog/main/primitives/kv/kv-provider.ts": "1946139cb1db060e28e2b61a52cf7f9179acf16127565b87c5d2d775946a83ed",
    "https://raw.githubusercontent.com/MoustafaAt1a/railfog/main/primitives/objects/object-provider.ts": "374192b6a9128be795f8bf50811e4de3deb115d1feea2e35d1f16574923513a2",
    "https://raw.githubusercontent.com/MoustafaAt1a/railfog/main/primitives/queues/queue-provider.ts": "2cff06c1628a4261b52f3a21e83d9af293758c0cca8e2f2f1c9dab12362eb853",
    "https://raw.githubusercontent.com/MoustafaAt1a/railfog/main/providers/kv/postgres-provider.ts": "0f375746d3a7723fefa535a5dcd8f05d1f381c335ac20081e4caab3e74aac9aa",
    "https://raw.githubusercontent.com/MoustafaAt1a/railfog/main/providers/kv/redis-provider.ts": "6da1d517f72c69c09119fec83217e7d18909fa95135d385d4d81af41f321d2f0",
    "https://raw.githubusercontent.com/MoustafaAt1a/railfog/main/providers/kv/sqlite-provider.ts": "2169655928cbde43f31ba22f5859d7fbfcc331f6da9b0d13f70bce6d4390556b",
    "https://raw.githubusercontent.com/MoustafaAt1a/railfog/main/providers/objects/local-fs-provider.ts": "6b1ed1f8f4292e48d2d2268c4393643302c6f5567a88c5ca134bf9d593a66df7",
    "https://raw.githubusercontent.com/MoustafaAt1a/railfog/main/providers/queues/sqlite-queue-provider.ts": "b7910d25350f67d34e92f549b3805c7b917ae40c89787db54adb0772540e5a42",
    "https://raw.githubusercontent.com/MoustafaAt1a/railfog/main/runtime/dev-server/local-server.ts": "c7ba4d59d1f02312195bd090081ca48ed14bb82f8eec3466b23b4ad12e08a5c9",
    "https://raw.githubusercontent.com/MoustafaAt1a/railfog/main/runtime/dev-server/watcher.ts": "cef8a247329d8cb1f9d9ffa4224d77822a09b32e29a2d3ed1838297f1fc93ccc",
    "https://raw.githubusercontent.com/MoustafaAt1a/railfog/main/runtime/limits/kill-enforcer.ts": "45d1100110b8e7535a939ef58230ef7e1e99fdb9b4f99544447615332e4742ef",
    "https://raw.githubusercontent.com/MoustafaAt1a/railfog/main/runtime/limits/operation-counter.ts": "a80df728556eccaeadfc0bb6720fe789042dd45fe268ec0a703f78921e2da83c",
    "https://raw.githubusercontent.com/MoustafaAt1a/railfog/main/runtime/loader/context-builder.ts": "32ba3deae486a187fea8050cb886987cb19772ccc9e5f83b441385c90b6573e2",
    "https://raw.githubusercontent.com/MoustafaAt1a/railfog/main/runtime/router/route-matcher.ts": "a8eb972d801035551affc3f6d6cd0e4c10741a66ebcc47d406339c42300559d8",
    "https://raw.githubusercontent.com/MoustafaAt1a/railfog/main/runtime/sandbox/local-isolation.ts": "3266ba4157702653dcf77001abf6b27932129a911f428093995974068ba10395",
    "https://raw.githubusercontent.com/MoustafaAt1a/railfog/main/scripts/install.ts": "29f4f3a40dbf5fbfa2cb78377e7367e2ee232d93359427bff1c4f47a1fd50437"
  },
  "workspace": {
    "dependencies": [
      "jsr:@std/assert@0.224.0",
      "jsr:@std/async@0.224.0",
      "jsr:@std/crypto@0.224.0",
      "jsr:@std/encoding@0.224.0",
      "jsr:@std/path@0.224.0",
      "jsr:@std/toml@0.224.0",
      "npm:ioredis@5.4.1",
      "npm:postgres@3.4.4"
    ]
  }
}
